
Microsoft Visual Studio Solution File, Format Version 12.00
# Visual Studio Version 17
VisualStudioVersion = 17.5.33516.290
MinimumVisualStudioVersion = 10.0.40219.1
Project("{FAE04EC0-301F-11D3-BF4B-00C04F79EFBC}") = "ExpenseTracker.Server", "ExpenseTracker\Server\ExpenseTracker.Server.csproj", "{66CEE129-CBBC-4400-A4E1-1290371557DD}"
EndProject
Project("{FAE04EC0-301F-11D3-BF4B-00C04F79EFBC}") = "ExpenseTracker.Client", "ExpenseTracker\Client\ExpenseTracker.Client.csproj", "{2B0BAE67-4AE2-4EA6-90F1-F1150D2967DF}"
EndProject
Project("{FAE04EC0-301F-11D3-BF4B-00C04F79EFBC}") = "ExpenseTracker.Shared", "ExpenseTracker\Shared\ExpenseTracker.Shared.csproj", "{31D85B68-398A-4641-BA9D-3B72F1C5F129}"
EndProject
Global
	GlobalSection(SolutionConfigurationPlatforms) = preSolution
		Debug|Any CPU = Debug|Any CPU
		Release|Any CPU = Release|Any CPU
	EndGlobalSection
	GlobalSection(ProjectConfigurationPlatforms) = postSolution
		{66CEE129-CBBC-4400-A4E1-1290371557DD}.Debug|Any CPU.ActiveCfg = Debug|Any CPU
		{66CEE129-CBBC-4400-A4E1-1290371557DD}.Debug|Any CPU.Build.0 = Debug|Any CPU
		{66CEE129-CBBC-4400-A4E1-1290371557DD}.Release|Any CPU.ActiveCfg = Release|Any CPU
		{66CEE129-CBBC-4400-A4E1-1290371557DD}.Release|Any CPU.Build.0 = Release|Any CPU
		{2B0BAE67-4AE2-4EA6-90F1-F1150D2967DF}.Debug|Any CPU.ActiveCfg = Debug|Any CPU
		{2B0BAE67-4AE2-4EA6-90F1-F1150D2967DF}.Debug|Any CPU.Build.0 = Debug|Any CPU
		{2B0BAE67-4AE2-4EA6-90F1-F1150D2967DF}.Release|Any CPU.ActiveCfg = Release|Any CPU
		{2B0BAE67-4AE2-4EA6-90F1-F1150D2967DF}.Release|Any CPU.Build.0 = Release|Any CPU
		{31D85B68-398A-4641-BA9D-3B72F1C5F129}.Debug|Any CPU.ActiveCfg = Debug|Any CPU
		{31D85B68-398A-4641-BA9D-3B72F1C5F129}.Debug|Any CPU.Build.0 = Debug|Any CPU
		{31D85B68-398A-4641-BA9D-3B72F1C5F129}.Release|Any CPU.ActiveCfg = Release|Any CPU
		{31D85B68-398A-4641-BA9D-3B72F1C5F129}.Release|Any CPU.Build.0 = Release|Any CPU
	EndGlobalSection
	GlobalSection(SolutionProperties) = preSolution
		HideSolutionNode = FALSE
	EndGlobalSection
	GlobalSection(ExtensibilityGlobals) = postSolution
		SolutionGuid = {C45649BA-A48F-4728-8CEB-B8CD21C0B6C9}
	EndGlobalSection
EndGlobal
