
Microsoft Visual Studio Solution File, Format Version 12.00
# Visual Studio Version 17
VisualStudioVersion = 17.5.33516.290
MinimumVisualStudioVersion = 10.0.40219.1
Project("{FAE04EC0-301F-11D3-BF4B-00C04F79EFBC}") = "WeatherForecast", "WeatherForecast\WeatherForecast.csproj", "{B7075649-E612-48F0-A478-62F02023B880}"
EndProject
Global
	GlobalSection(SolutionConfigurationPlatforms) = preSolution
		Debug|Any CPU = Debug|Any CPU
		Release|Any CPU = Release|Any CPU
	EndGlobalSection
	GlobalSection(ProjectConfigurationPlatforms) = postSolution
		{B7075649-E612-48F0-A478-62F02023B880}.Debug|Any CPU.ActiveCfg = Debug|Any CPU
		{B7075649-E612-48F0-A478-62F02023B880}.Debug|Any CPU.Build.0 = Debug|Any CPU
		{B7075649-E612-48F0-A478-62F02023B880}.Release|Any CPU.ActiveCfg = Release|Any CPU
		{B7075649-E612-48F0-A478-62F02023B880}.Release|Any CPU.Build.0 = Release|Any CPU
	EndGlobalSection
	GlobalSection(SolutionProperties) = preSolution
		HideSolutionNode = FALSE
	EndGlobalSection
	GlobalSection(ExtensibilityGlobals) = postSolution
		SolutionGuid = {274CE04B-CCAB-4B66-9107-F6592697798F}
	EndGlobalSection
EndGlobal
